
Microsoft Visual Studio Solution File, Format Version 12.00
# Visual Studio Version 16
VisualStudioVersion = 16.0.29806.167
MinimumVisualStudioVersion = 10.0.40219.1
Project("{FAE04EC0-301F-11D3-BF4B-00C04F79EFBC}") = "TestAction", "TestAction\TestAction.csproj", "{00797F73-6545-4D41-A17F-9FAB7054AA30}"
EndProject
Global
	GlobalSection(SolutionConfigurationPlatforms) = preSolution
		Debug|Any CPU = Debug|Any CPU
		Release|Any CPU = Release|Any CPU
	EndGlobalSection
	GlobalSection(ProjectConfigurationPlatforms) = postSolution
		{00797F73-6545-4D41-A17F-9FAB7054AA30}.Debug|Any CPU.ActiveCfg = Debug|Any CPU
		{00797F73-6545-4D41-A17F-9FAB7054AA30}.Debug|Any CPU.Build.0 = Debug|Any CPU
		{00797F73-6545-4D41-A17F-9FAB7054AA30}.Release|Any CPU.ActiveCfg = Release|Any CPU
		{00797F73-6545-4D41-A17F-9FAB7054AA30}.Release|Any CPU.Build.0 = Release|Any CPU
	EndGlobalSection
	GlobalSection(SolutionProperties) = preSolution
		HideSolutionNode = FALSE
	EndGlobalSection
	GlobalSection(ExtensibilityGlobals) = postSolution
		SolutionGuid = {9509DBE9-E660-45BC-B9B1-6CE4FC7B4AB8}
	EndGlobalSection
EndGlobal
